
Microsoft Visual Studio Solution File, Format Version 12.00
# Visual Studio 15
VisualStudioVersion = 15.0.26730.15
MinimumVisualStudioVersion = 10.0.40219.1
Project("{FAE04EC0-301F-11D3-BF4B-00C04F79EFBC}") = "WebApplication2", "WebApplication2\WebApplication2.csproj", "{64CDE969-65E2-4DDE-BE6C-7CB8E406F43E}"
EndProject
Global
	GlobalSection(SolutionConfigurationPlatforms) = preSolution
		Debug|Any CPU = Debug|Any CPU
		Release|Any CPU = Release|Any CPU
	EndGlobalSection
	GlobalSection(ProjectConfigurationPlatforms) = postSolution
		{64CDE969-65E2-4DDE-BE6C-7CB8E406F43E}.Debug|Any CPU.ActiveCfg = Debug|Any CPU
		{64CDE969-65E2-4DDE-BE6C-7CB8E406F43E}.Debug|Any CPU.Build.0 = Debug|Any CPU
		{64CDE969-65E2-4DDE-BE6C-7CB8E406F43E}.Release|Any CPU.ActiveCfg = Release|Any CPU
		{64CDE969-65E2-4DDE-BE6C-7CB8E406F43E}.Release|Any CPU.Build.0 = Release|Any CPU
	EndGlobalSection
	GlobalSection(SolutionProperties) = preSolution
		HideSolutionNode = FALSE
	EndGlobalSection
	GlobalSection(ExtensibilityGlobals) = postSolution
		SolutionGuid = {25CA35A3-0830-405B-B817-79E5C48D517E}
	EndGlobalSection
EndGlobal
